// !$*UTF8*$!
{
	archiveVersion = 1;
	classes = {
	};
	objectVersion = 46;
	objects = {

/* Begin PBXBuildFile section */
		24047EC819CAA8E500521269 /* main.m in Sources */ = {isa = PBXBuildFile; fileRef = 24047EC719CAA8E500521269 /* main.m */; };
		24047ECB19CAA8E500521269 /* AppDelegate.m in Sources */ = {isa = PBXBuildFile; fileRef = 24047ECA19CAA8E500521269 /* AppDelegate.m */; };
		24047ECE19CAA8E500521269 /* Diet.xcdatamodeld in Sources */ = {isa = PBXBuildFile; fileRef = 24047ECC19CAA8E500521269 /* Diet.xcdatamodeld */; };
		24047ED419CAA8E500521269 /* Main.storyboard in Resources */ = {isa = PBXBuildFile; fileRef = 24047ED219CAA8E500521269 /* Main.storyboard */; };
		24047ED619CAA8E500521269 /* Images.xcassets in Resources */ = {isa = PBXBuildFile; fileRef = 24047ED519CAA8E500521269 /* Images.xcassets */; };
		24047EE219CAA8E500521269 /* DietTests.m in Sources */ = {isa = PBXBuildFile; fileRef = 24047EE119CAA8E500521269 /* DietTests.m */; };
		241EE90819D08EEA00769E7C /* WeightHistory.m in Sources */ = {isa = PBXBuildFile; fileRef = 241EE90719D08EEA00769E7C /* WeightHistory.m */; };
		241EE90B19D08EEA00769E7C /* Diet.m in Sources */ = {isa = PBXBuildFile; fileRef = 241EE90A19D08EEA00769E7C /* Diet.m */; };
		241EE90E19D08EEB00769E7C /* PointsHistory.m in Sources */ = {isa = PBXBuildFile; fileRef = 241EE90D19D08EEB00769E7C /* PointsHistory.m */; };
		2437654719CAAA91007A2E40 /* SettingsViewController.m in Sources */ = {isa = PBXBuildFile; fileRef = 2437654619CAAA91007A2E40 /* SettingsViewController.m */; };
		2437654A19CAAAA5007A2E40 /* AnalyticViewController.m in Sources */ = {isa = PBXBuildFile; fileRef = 2437654919CAAAA5007A2E40 /* AnalyticViewController.m */; };
		2437654D19CAAAB3007A2E40 /* InputViewController.m in Sources */ = {isa = PBXBuildFile; fileRef = 2437654C19CAAAB3007A2E40 /* InputViewController.m */; };
		2437655019CAAAEA007A2E40 /* HelpViewController.m in Sources */ = {isa = PBXBuildFile; fileRef = 2437654F19CAAAEA007A2E40 /* HelpViewController.m */; };
		2437655A19CAAB95007A2E40 /* FoodTableView.m in Sources */ = {isa = PBXBuildFile; fileRef = 2437655919CAAB95007A2E40 /* FoodTableView.m */; };
		2437657519CACAF7007A2E40 /* PNBar.m in Sources */ = {isa = PBXBuildFile; fileRef = 2437656019CACAF7007A2E40 /* PNBar.m */; };
		2437657619CACAF7007A2E40 /* PNBarChart.m in Sources */ = {isa = PBXBuildFile; fileRef = 2437656219CACAF7007A2E40 /* PNBarChart.m */; };
		2437657719CACAF7007A2E40 /* PNChartLabel.m in Sources */ = {isa = PBXBuildFile; fileRef = 2437656619CACAF7007A2E40 /* PNChartLabel.m */; };
		2437657819CACAF7007A2E40 /* PNCircleChart.m in Sources */ = {isa = PBXBuildFile; fileRef = 2437656819CACAF7007A2E40 /* PNCircleChart.m */; };
		2437657919CACAF7007A2E40 /* PNColor.m in Sources */ = {isa = PBXBuildFile; fileRef = 2437656A19CACAF7007A2E40 /* PNColor.m */; };
		2437657A19CACAF7007A2E40 /* PNLineChart.m in Sources */ = {isa = PBXBuildFile; fileRef = 2437656C19CACAF7007A2E40 /* PNLineChart.m */; };
		2437657B19CACAF7007A2E40 /* PNLineChartData.m in Sources */ = {isa = PBXBuildFile; fileRef = 2437656E19CACAF7007A2E40 /* PNLineChartData.m */; };
		2437657C19CACAF7007A2E40 /* PNLineChartDataItem.m in Sources */ = {isa = PBXBuildFile; fileRef = 2437657019CACAF7007A2E40 /* PNLineChartDataItem.m */; };
		2437657D19CACAF7007A2E40 /* PNPieChart.m in Sources */ = {isa = PBXBuildFile; fileRef = 2437657219CACAF7007A2E40 /* PNPieChart.m */; };
		2437657E19CACAF7007A2E40 /* PNPieChartDataItem.m in Sources */ = {isa = PBXBuildFile; fileRef = 2437657419CACAF7007A2E40 /* PNPieChartDataItem.m */; };
		2437658119CACE86007A2E40 /* UICountingLabel.m in Sources */ = {isa = PBXBuildFile; fileRef = 2437658019CACE86007A2E40 /* UICountingLabel.m */; };
		2437661B19CADAD4007A2E40 /* MagicalImportFunctions.m in Sources */ = {isa = PBXBuildFile; fileRef = 243765E119CADAD4007A2E40 /* MagicalImportFunctions.m */; };
		2437661C19CADAD4007A2E40 /* NSAttributeDescription+MagicalDataImport.m in Sources */ = {isa = PBXBuildFile; fileRef = 243765E319CADAD4007A2E40 /* NSAttributeDescription+MagicalDataImport.m */; };
		2437661D19CADAD4007A2E40 /* NSEntityDescription+MagicalDataImport.m in Sources */ = {isa = PBXBuildFile; fileRef = 243765E519CADAD4007A2E40 /* NSEntityDescription+MagicalDataImport.m */; };
		2437661E19CADAD4007A2E40 /* NSNumber+MagicalDataImport.m in Sources */ = {isa = PBXBuildFile; fileRef = 243765E719CADAD4007A2E40 /* NSNumber+MagicalDataImport.m */; };
		2437661F19CADAD4007A2E40 /* NSObject+MagicalDataImport.m in Sources */ = {isa = PBXBuildFile; fileRef = 243765E919CADAD4007A2E40 /* NSObject+MagicalDataImport.m */; };
		2437662019CADAD4007A2E40 /* NSRelationshipDescription+MagicalDataImport.m in Sources */ = {isa = PBXBuildFile; fileRef = 243765EB19CADAD4007A2E40 /* NSRelationshipDescription+MagicalDataImport.m */; };
		2437662119CADAD4007A2E40 /* NSString+MagicalDataImport.m in Sources */ = {isa = PBXBuildFile; fileRef = 243765ED19CADAD4007A2E40 /* NSString+MagicalDataImport.m */; };
		2437662219CADAD4007A2E40 /* NSManagedObject+MagicalAggregation.m in Sources */ = {isa = PBXBuildFile; fileRef = 243765F019CADAD4007A2E40 /* NSManagedObject+MagicalAggregation.m */; };
		2437662319CADAD4007A2E40 /* NSManagedObject+MagicalDataImport.m in Sources */ = {isa = PBXBuildFile; fileRef = 243765F219CADAD4007A2E40 /* NSManagedObject+MagicalDataImport.m */; };
		2437662419CADAD4007A2E40 /* NSManagedObject+MagicalFinders.m in Sources */ = {isa = PBXBuildFile; fileRef = 243765F419CADAD4007A2E40 /* NSManagedObject+MagicalFinders.m */; };
		2437662519CADAD4007A2E40 /* NSManagedObject+MagicalRecord.m in Sources */ = {isa = PBXBuildFile; fileRef = 243765F619CADAD4007A2E40 /* NSManagedObject+MagicalRecord.m */; };
		2437662619CADAD4007A2E40 /* NSManagedObject+MagicalRequests.m in Sources */ = {isa = PBXBuildFile; fileRef = 243765F819CADAD4007A2E40 /* NSManagedObject+MagicalRequests.m */; };
		2437662719CADAD4007A2E40 /* NSManagedObjectContext+MagicalObserving.m in Sources */ = {isa = PBXBuildFile; fileRef = 243765FB19CADAD4007A2E40 /* NSManagedObjectContext+MagicalObserving.m */; };
		2437662819CADAD4007A2E40 /* NSManagedObjectContext+MagicalRecord.m in Sources */ = {isa = PBXBuildFile; fileRef = 243765FD19CADAD4007A2E40 /* NSManagedObjectContext+MagicalRecord.m */; };
		2437662919CADAD4007A2E40 /* NSManagedObjectContext+MagicalSaves.m in Sources */ = {isa = PBXBuildFile; fileRef = 243765FF19CADAD4007A2E40 /* NSManagedObjectContext+MagicalSaves.m */; };
		2437662A19CADAD4007A2E40 /* NSManagedObjectContext+MagicalThreading.m in Sources */ = {isa = PBXBuildFile; fileRef = 2437660119CADAD4007A2E40 /* NSManagedObjectContext+MagicalThreading.m */; };
		2437662B19CADAD4007A2E40 /* NSManagedObjectModel+MagicalRecord.m in Sources */ = {isa = PBXBuildFile; fileRef = 2437660319CADAD4007A2E40 /* NSManagedObjectModel+MagicalRecord.m */; };
		2437662C19CADAD4007A2E40 /* NSPersistentStore+MagicalRecord.m in Sources */ = {isa = PBXBuildFile; fileRef = 2437660519CADAD4007A2E40 /* NSPersistentStore+MagicalRecord.m */; };
		2437662D19CADAD4007A2E40 /* NSPersistentStoreCoordinator+MagicalRecord.m in Sources */ = {isa = PBXBuildFile; fileRef = 2437660719CADAD4007A2E40 /* NSPersistentStoreCoordinator+MagicalRecord.m */; };
		2437662E19CADAD4007A2E40 /* MagicalRecord+Actions.m in Sources */ = {isa = PBXBuildFile; fileRef = 2437660A19CADAD4007A2E40 /* MagicalRecord+Actions.m */; };
		2437662F19CADAD4007A2E40 /* MagicalRecord+ErrorHandling.m in Sources */ = {isa = PBXBuildFile; fileRef = 2437660C19CADAD4007A2E40 /* MagicalRecord+ErrorHandling.m */; };
		2437663019CADAD4007A2E40 /* MagicalRecord+iCloud.m in Sources */ = {isa = PBXBuildFile; fileRef = 2437660E19CADAD4007A2E40 /* MagicalRecord+iCloud.m */; };
		2437663119CADAD4007A2E40 /* MagicalRecord+Options.m in Sources */ = {isa = PBXBuildFile; fileRef = 2437661019CADAD4007A2E40 /* MagicalRecord+Options.m */; };
		2437663219CADAD4007A2E40 /* MagicalRecord+Setup.m in Sources */ = {isa = PBXBuildFile; fileRef = 2437661219CADAD4007A2E40 /* MagicalRecord+Setup.m */; };
		2437663319CADAD4007A2E40 /* MagicalRecord+ShorthandSupport.m in Sources */ = {isa = PBXBuildFile; fileRef = 2437661419CADAD4007A2E40 /* MagicalRecord+ShorthandSupport.m */; };
		2437663419CADAD4007A2E40 /* MagicalRecord.m in Sources */ = {isa = PBXBuildFile; fileRef = 2437661619CADAD4007A2E40 /* MagicalRecord.m */; };
		2437663819CAE0C4007A2E40 /* ZenKeyboard.m in Sources */ = {isa = PBXBuildFile; fileRef = 2437663719CAE0C4007A2E40 /* ZenKeyboard.m */; };
/* End PBXBuildFile section */

/* Begin PBXContainerItemProxy section */
		24047EDC19CAA8E500521269 /* PBXContainerItemProxy */ = {
			isa = PBXContainerItemProxy;
			containerPortal = 24047EBA19CAA8E400521269 /* Project object */;
			proxyType = 1;
			remoteGlobalIDString = 24047EC119CAA8E400521269;
			remoteInfo = Diet;
		};
/* End PBXContainerItemProxy section */

/* Begin PBXFileReference section */
		24047EC219CAA8E400521269 /* Diet.app */ = {isa = PBXFileReference; explicitFileType = wrapper.application; includeInIndex = 0; path = Diet.app; sourceTree = BUILT_PRODUCTS_DIR; };
		24047EC619CAA8E500521269 /* Info.plist */ = {isa = PBXFileReference; lastKnownFileType = text.plist.xml; path = Info.plist; sourceTree = "<group>"; };
		24047EC719CAA8E500521269 /* main.m */ = {isa = PBXFileReference; lastKnownFileType = sourcecode.c.objc; path = main.m; sourceTree = "<group>"; };
		24047EC919CAA8E500521269 /* AppDelegate.h */ = {isa = PBXFileReference; lastKnownFileType = sourcecode.c.h; path = AppDelegate.h; sourceTree = "<group>"; };
		24047ECA19CAA8E500521269 /* AppDelegate.m */ = {isa = PBXFileReference; lastKnownFileType = sourcecode.c.objc; path = AppDelegate.m; sourceTree = "<group>"; };
		24047ECD19CAA8E500521269 /* Diet.xcdatamodel */ = {isa = PBXFileReference; lastKnownFileType = wrapper.xcdatamodel; path = Diet.xcdatamodel; sourceTree = "<group>"; };
		24047ED319CAA8E500521269 /* Base */ = {isa = PBXFileReference; lastKnownFileType = file.storyboard; name = Base; path = Base.lproj/Main.storyboard; sourceTree = "<group>"; };
		24047ED519CAA8E500521269 /* Images.xcassets */ = {isa = PBXFileReference; lastKnownFileType = folder.assetcatalog; path = Images.xcassets; sourceTree = "<group>"; };
		24047EDB19CAA8E500521269 /* DietTests.xctest */ = {isa = PBXFileReference; explicitFileType = wrapper.cfbundle; includeInIndex = 0; path = DietTests.xctest; sourceTree = BUILT_PRODUCTS_DIR; };
		24047EE019CAA8E500521269 /* Info.plist */ = {isa = PBXFileReference; lastKnownFileType = text.plist.xml; path = Info.plist; sourceTree = "<group>"; };
		24047EE119CAA8E500521269 /* DietTests.m */ = {isa = PBXFileReference; lastKnownFileType = sourcecode.c.objc; path = DietTests.m; sourceTree = "<group>"; };
		241EE90619D08EEA00769E7C /* WeightHistory.h */ = {isa = PBXFileReference; fileEncoding = 4; lastKnownFileType = sourcecode.c.h; name = WeightHistory.h; path = ../WeightHistory.h; sourceTree = "<group>"; };
		241EE90719D08EEA00769E7C /* WeightHistory.m */ = {isa = PBXFileReference; fileEncoding = 4; lastKnownFileType = sourcecode.c.objc; name = WeightHistory.m; path = ../WeightHistory.m; sourceTree = "<group>"; };
		241EE90919D08EEA00769E7C /* Diet.h */ = {isa = PBXFileReference; fileEncoding = 4; lastKnownFileType = sourcecode.c.h; path = Diet.h; sourceTree = SOURCE_ROOT; };
		241EE90A19D08EEA00769E7C /* Diet.m */ = {isa = PBXFileReference; fileEncoding = 4; lastKnownFileType = sourcecode.c.objc; path = Diet.m; sourceTree = SOURCE_ROOT; };
		241EE90C19D08EEB00769E7C /* PointsHistory.h */ = {isa = PBXFileReference; fileEncoding = 4; lastKnownFileType = sourcecode.c.h; name = PointsHistory.h; path = ../PointsHistory.h; sourceTree = "<group>"; };
		241EE90D19D08EEB00769E7C /* PointsHistory.m */ = {isa = PBXFileReference; fileEncoding = 4; lastKnownFileType = sourcecode.c.objc; name = PointsHistory.m; path = ../PointsHistory.m; sourceTree = "<group>"; };
		2437654519CAAA91007A2E40 /* SettingsViewController.h */ = {isa = PBXFileReference; fileEncoding = 4; lastKnownFileType = sourcecode.c.h; path = SettingsViewController.h; sourceTree = "<group>"; };
		2437654619CAAA91007A2E40 /* SettingsViewController.m */ = {isa = PBXFileReference; fileEncoding = 4; lastKnownFileType = sourcecode.c.objc; path = SettingsViewController.m; sourceTree = "<group>"; };
		2437654819CAAAA5007A2E40 /* AnalyticViewController.h */ = {isa = PBXFileReference; fileEncoding = 4; lastKnownFileType = sourcecode.c.h; path = AnalyticViewController.h; sourceTree = "<group>"; };
		2437654919CAAAA5007A2E40 /* AnalyticViewController.m */ = {isa = PBXFileReference; fileEncoding = 4; lastKnownFileType = sourcecode.c.objc; path = AnalyticViewController.m; sourceTree = "<group>"; };
		2437654B19CAAAB3007A2E40 /* InputViewController.h */ = {isa = PBXFileReference; fileEncoding = 4; lastKnownFileType = sourcecode.c.h; path = InputViewController.h; sourceTree = "<group>"; };
		2437654C19CAAAB3007A2E40 /* InputViewController.m */ = {isa = PBXFileReference; fileEncoding = 4; lastKnownFileType = sourcecode.c.objc; path = InputViewController.m; sourceTree = "<group>"; };
		2437654E19CAAAEA007A2E40 /* HelpViewController.h */ = {isa = PBXFileReference; fileEncoding = 4; lastKnownFileType = sourcecode.c.h; path = HelpViewController.h; sourceTree = "<group>"; };
		2437654F19CAAAEA007A2E40 /* HelpViewController.m */ = {isa = PBXFileReference; fileEncoding = 4; lastKnownFileType = sourcecode.c.objc; path = HelpViewController.m; sourceTree = "<group>"; };
		2437655819CAAB95007A2E40 /* FoodTableView.h */ = {isa = PBXFileReference; fileEncoding = 4; lastKnownFileType = sourcecode.c.h; path = FoodTableView.h; sourceTree = "<group>"; };
		2437655919CAAB95007A2E40 /* FoodTableView.m */ = {isa = PBXFileReference; fileEncoding = 4; lastKnownFileType = sourcecode.c.objc; path = FoodTableView.m; sourceTree = "<group>"; };
		2437655F19CACAF7007A2E40 /* PNBar.h */ = {isa = PBXFileReference; fileEncoding = 4; lastKnownFileType = sourcecode.c.h; path = PNBar.h; sourceTree = "<group>"; };
		2437656019CACAF7007A2E40 /* PNBar.m */ = {isa = PBXFileReference; fileEncoding = 4; lastKnownFileType = sourcecode.c.objc; path = PNBar.m; sourceTree = "<group>"; };
		2437656119CACAF7007A2E40 /* PNBarChart.h */ = {isa = PBXFileReference; fileEncoding = 4; lastKnownFileType = sourcecode.c.h; path = PNBarChart.h; sourceTree = "<group>"; };
		2437656219CACAF7007A2E40 /* PNBarChart.m */ = {isa = PBXFileReference; fileEncoding = 4; lastKnownFileType = sourcecode.c.objc; path = PNBarChart.m; sourceTree = "<group>"; };
		2437656319CACAF7007A2E40 /* PNChart.h */ = {isa = PBXFileReference; fileEncoding = 4; lastKnownFileType = sourcecode.c.h; path = PNChart.h; sourceTree = "<group>"; };
		2437656419CACAF7007A2E40 /* PNChartDelegate.h */ = {isa = PBXFileReference; fileEncoding = 4; lastKnownFileType = sourcecode.c.h; path = PNChartDelegate.h; sourceTree = "<group>"; };
		2437656519CACAF7007A2E40 /* PNChartLabel.h */ = {isa = PBXFileReference; fileEncoding = 4; lastKnownFileType = sourcecode.c.h; path = PNChartLabel.h; sourceTree = "<group>"; };
		2437656619CACAF7007A2E40 /* PNChartLabel.m */ = {isa = PBXFileReference; fileEncoding = 4; lastKnownFileType = sourcecode.c.objc; path = PNChartLabel.m; sourceTree = "<group>"; };
		2437656719CACAF7007A2E40 /* PNCircleChart.h */ = {isa = PBXFileReference; fileEncoding = 4; lastKnownFileType = sourcecode.c.h; path = PNCircleChart.h; sourceTree = "<group>"; };
		2437656819CACAF7007A2E40 /* PNCircleChart.m */ = {isa = PBXFileReference; fileEncoding = 4; lastKnownFileType = sourcecode.c.objc; path = PNCircleChart.m; sourceTree = "<group>"; };
		2437656919CACAF7007A2E40 /* PNColor.h */ = {isa = PBXFileReference; fileEncoding = 4; lastKnownFileType = sourcecode.c.h; path = PNColor.h; sourceTree = "<group>"; };
		2437656A19CACAF7007A2E40 /* PNColor.m */ = {isa = PBXFileReference; fileEncoding = 4; lastKnownFileType = sourcecode.c.objc; path = PNColor.m; sourceTree = "<group>"; };
		2437656B19CACAF7007A2E40 /* PNLineChart.h */ = {isa = PBXFileReference; fileEncoding = 4; lastKnownFileType = sourcecode.c.h; path = PNLineChart.h; sourceTree = "<group>"; };
		2437656C19CACAF7007A2E40 /* PNLineChart.m */ = {isa = PBXFileReference; fileEncoding = 4; lastKnownFileType = sourcecode.c.objc; path = PNLineChart.m; sourceTree = "<group>"; };
		2437656D19CACAF7007A2E40 /* PNLineChartData.h */ = {isa = PBXFileReference; fileEncoding = 4; lastKnownFileType = sourcecode.c.h; path = PNLineChartData.h; sourceTree = "<group>"; };
		2437656E19CACAF7007A2E40 /* PNLineChartData.m */ = {isa = PBXFileReference; fileEncoding = 4; lastKnownFileType = sourcecode.c.objc; path = PNLineChartData.m; sourceTree = "<group>"; };
		2437656F19CACAF7007A2E40 /* PNLineChartDataItem.h */ = {isa = PBXFileReference; fileEncoding = 4; lastKnownFileType = sourcecode.c.h; path = PNLineChartDataItem.h; sourceTree = "<group>"; };
		2437657019CACAF7007A2E40 /* PNLineChartDataItem.m */ = {isa = PBXFileReference; fileEncoding = 4; lastKnownFileType = sourcecode.c.objc; path = PNLineChartDataItem.m; sourceTree = "<group>"; };
		2437657119CACAF7007A2E40 /* PNPieChart.h */ = {isa = PBXFileReference; fileEncoding = 4; lastKnownFileType = sourcecode.c.h; path = PNPieChart.h; sourceTree = "<group>"; };
		2437657219CACAF7007A2E40 /* PNPieChart.m */ = {isa = PBXFileReference; fileEncoding = 4; lastKnownFileType = sourcecode.c.objc; path = PNPieChart.m; sourceTree = "<group>"; };
		2437657319CACAF7007A2E40 /* PNPieChartDataItem.h */ = {isa = PBXFileReference; fileEncoding = 4; lastKnownFileType = sourcecode.c.h; path = PNPieChartDataItem.h; sourceTree = "<group>"; };
		2437657419CACAF7007A2E40 /* PNPieChartDataItem.m */ = {isa = PBXFileReference; fileEncoding = 4; lastKnownFileType = sourcecode.c.objc; path = PNPieChartDataItem.m; sourceTree = "<group>"; };
		2437657F19CACE86007A2E40 /* UICountingLabel.h */ = {isa = PBXFileReference; fileEncoding = 4; lastKnownFileType = sourcecode.c.h; path = UICountingLabel.h; sourceTree = "<group>"; };
		2437658019CACE86007A2E40 /* UICountingLabel.m */ = {isa = PBXFileReference; fileEncoding = 4; lastKnownFileType = sourcecode.c.objc; path = UICountingLabel.m; sourceTree = "<group>"; };
		243765DC19CAD7AF007A2E40 /* PrefixHeader.pch */ = {isa = PBXFileReference; lastKnownFileType = sourcecode.c.h; path = PrefixHeader.pch; sourceTree = "<group>"; };
		243765E019CADAD4007A2E40 /* MagicalImportFunctions.h */ = {isa = PBXFileReference; fileEncoding = 4; lastKnownFileType = sourcecode.c.h; path = MagicalImportFunctions.h; sourceTree = "<group>"; };
		243765E119CADAD4007A2E40 /* MagicalImportFunctions.m */ = {isa = PBXFileReference; fileEncoding = 4; lastKnownFileType = sourcecode.c.objc; path = MagicalImportFunctions.m; sourceTree = "<group>"; };
		243765E219CADAD4007A2E40 /* NSAttributeDescription+MagicalDataImport.h */ = {isa = PBXFileReference; fileEncoding = 4; lastKnownFileType = sourcecode.c.h; path = "NSAttributeDescription+MagicalDataImport.h"; sourceTree = "<group>"; };
		243765E319CADAD4007A2E40 /* NSAttributeDescription+MagicalDataImport.m */ = {isa = PBXFileReference; fileEncoding = 4; lastKnownFileType = sourcecode.c.objc; path = "NSAttributeDescription+MagicalDataImport.m"; sourceTree = "<group>"; };
		243765E419CADAD4007A2E40 /* NSEntityDescription+MagicalDataImport.h */ = {isa = PBXFileReference; fileEncoding = 4; lastKnownFileType = sourcecode.c.h; path = "NSEntityDescription+MagicalDataImport.h"; sourceTree = "<group>"; };
		243765E519CADAD4007A2E40 /* NSEntityDescription+MagicalDataImport.m */ = {isa = PBXFileReference; fileEncoding = 4; lastKnownFileType = sourcecode.c.objc; path = "NSEntityDescription+MagicalDataImport.m"; sourceTree = "<group>"; };
		243765E619CADAD4007A2E40 /* NSNumber+MagicalDataImport.h */ = {isa = PBXFileReference; fileEncoding = 4; lastKnownFileType = sourcecode.c.h; path = "NSNumber+MagicalDataImport.h"; sourceTree = "<group>"; };
		243765E719CADAD4007A2E40 /* NSNumber+MagicalDataImport.m */ = {isa = PBXFileReference; fileEncoding = 4; lastKnownFileType = sourcecode.c.objc; path = "NSNumber+MagicalDataImport.m"; sourceTree = "<group>"; };
		243765E819CADAD4007A2E40 /* NSObject+MagicalDataImport.h */ = {isa = PBXFileReference; fileEncoding = 4; lastKnownFileType = sourcecode.c.h; path = "NSObject+MagicalDataImport.h"; sourceTree = "<group>"; };
		243765E919CADAD4007A2E40 /* NSObject+MagicalDataImport.m */ = {isa = PBXFileReference; fileEncoding = 4; lastKnownFileType = sourcecode.c.objc; path = "NSObject+MagicalDataImport.m"; sourceTree = "<group>"; };
		243765EA19CADAD4007A2E40 /* NSRelationshipDescription+MagicalDataImport.h */ = {isa = PBXFileReference; fileEncoding = 4; lastKnownFileType = sourcecode.c.h; path = "NSRelationshipDescription+MagicalDataImport.h"; sourceTree = "<group>"; };
		243765EB19CADAD4007A2E40 /* NSRelationshipDescription+MagicalDataImport.m */ = {isa = PBXFileReference; fileEncoding = 4; lastKnownFileType = sourcecode.c.objc; path = "NSRelationshipDescription+MagicalDataImport.m"; sourceTree = "<group>"; };
		243765EC19CADAD4007A2E40 /* NSString+MagicalDataImport.h */ = {isa = PBXFileReference; fileEncoding = 4; lastKnownFileType = sourcecode.c.h; path = "NSString+MagicalDataImport.h"; sourceTree = "<group>"; };
		243765ED19CADAD4007A2E40 /* NSString+MagicalDataImport.m */ = {isa = PBXFileReference; fileEncoding = 4; lastKnownFileType = sourcecode.c.objc; path = "NSString+MagicalDataImport.m"; sourceTree = "<group>"; };
		243765EF19CADAD4007A2E40 /* NSManagedObject+MagicalAggregation.h */ = {isa = PBXFileReference; fileEncoding = 4; lastKnownFileType = sourcecode.c.h; path = "NSManagedObject+MagicalAggregation.h"; sourceTree = "<group>"; };
		243765F019CADAD4007A2E40 /* NSManagedObject+MagicalAggregation.m */ = {isa = PBXFileReference; fileEncoding = 4; lastKnownFileType = sourcecode.c.objc; path = "NSManagedObject+MagicalAggregation.m"; sourceTree = "<group>"; };
		243765F119CADAD4007A2E40 /* NSManagedObject+MagicalDataImport.h */ = {isa = PBXFileReference; fileEncoding = 4; lastKnownFileType = sourcecode.c.h; path = "NSManagedObject+MagicalDataImport.h"; sourceTree = "<group>"; };
		243765F219CADAD4007A2E40 /* NSManagedObject+MagicalDataImport.m */ = {isa = PBXFileReference; fileEncoding = 4; lastKnownFileType = sourcecode.c.objc; path = "NSManagedObject+MagicalDataImport.m"; sourceTree = "<group>"; };
		243765F319CADAD4007A2E40 /* NSManagedObject+MagicalFinders.h */ = {isa = PBXFileReference; fileEncoding = 4; lastKnownFileType = sourcecode.c.h; path = "NSManagedObject+MagicalFinders.h"; sourceTree = "<group>"; };
		243765F419CADAD4007A2E40 /* NSManagedObject+MagicalFinders.m */ = {isa = PBXFileReference; fileEncoding = 4; lastKnownFileType = sourcecode.c.objc; path = "NSManagedObject+MagicalFinders.m"; sourceTree = "<group>"; };
		243765F519CADAD4007A2E40 /* NSManagedObject+MagicalRecord.h */ = {isa = PBXFileReference; fileEncoding = 4; lastKnownFileType = sourcecode.c.h; path = "NSManagedObject+MagicalRecord.h"; sourceTree = "<group>"; };
		243765F619CADAD4007A2E40 /* NSManagedObject+MagicalRecord.m */ = {isa = PBXFileReference; fileEncoding = 4; lastKnownFileType = sourcecode.c.objc; path = "NSManagedObject+MagicalRecord.m"; sourceTree = "<group>"; };
		243765F719CADAD4007A2E40 /* NSManagedObject+MagicalRequests.h */ = {isa = PBXFileReference; fileEncoding = 4; lastKnownFileType = sourcecode.c.h; path = "NSManagedObject+MagicalRequests.h"; sourceTree = "<group>"; };
		243765F819CADAD4007A2E40 /* NSManagedObject+MagicalRequests.m */ = {isa = PBXFileReference; fileEncoding = 4; lastKnownFileType = sourcecode.c.objc; path = "NSManagedObject+MagicalRequests.m"; sourceTree = "<group>"; };
		243765FA19CADAD4007A2E40 /* NSManagedObjectContext+MagicalObserving.h */ = {isa = PBXFileReference; fileEncoding = 4; lastKnownFileType = sourcecode.c.h; path = "NSManagedObjectContext+MagicalObserving.h"; sourceTree = "<group>"; };
		243765FB19CADAD4007A2E40 /* NSManagedObjectContext+MagicalObserving.m */ = {isa = PBXFileReference; fileEncoding = 4; lastKnownFileType = sourcecode.c.objc; path = "NSManagedObjectContext+MagicalObserving.m"; sourceTree = "<group>"; };
		243765FC19CADAD4007A2E40 /* NSManagedObjectContext+MagicalRecord.h */ = {isa = PBXFileReference; fileEncoding = 4; lastKnownFileType = sourcecode.c.h; path = "NSManagedObjectContext+MagicalRecord.h"; sourceTree = "<group>"; };
		243765FD19CADAD4007A2E40 /* NSManagedObjectContext+MagicalRecord.m */ = {isa = PBXFileReference; fileEncoding = 4; lastKnownFileType = sourcecode.c.objc; path = "NSManagedObjectContext+MagicalRecord.m"; sourceTree = "<group>"; };
		243765FE19CADAD4007A2E40 /* NSManagedObjectContext+MagicalSaves.h */ = {isa = PBXFileReference; fileEncoding = 4; lastKnownFileType = sourcecode.c.h; path = "NSManagedObjectContext+MagicalSaves.h"; sourceTree = "<group>"; };
		243765FF19CADAD4007A2E40 /* NSManagedObjectContext+MagicalSaves.m */ = {isa = PBXFileReference; fileEncoding = 4; lastKnownFileType = sourcecode.c.objc; path = "NSManagedObjectContext+MagicalSaves.m"; sourceTree = "<group>"; };
		2437660019CADAD4007A2E40 /* NSManagedObjectContext+MagicalThreading.h */ = {isa = PBXFileReference; fileEncoding = 4; lastKnownFileType = sourcecode.c.h; path = "NSManagedObjectContext+MagicalThreading.h"; sourceTree = "<group>"; };
		2437660119CADAD4007A2E40 /* NSManagedObjectContext+MagicalThreading.m */ = {isa = PBXFileReference; fileEncoding = 4; lastKnownFileType = sourcecode.c.objc; path = "NSManagedObjectContext+MagicalThreading.m"; sourceTree = "<group>"; };
		2437660219CADAD4007A2E40 /* NSManagedObjectModel+MagicalRecord.h */ = {isa = PBXFileReference; fileEncoding = 4; lastKnownFileType = sourcecode.c.h; path = "NSManagedObjectModel+MagicalRecord.h"; sourceTree = "<group>"; };
		2437660319CADAD4007A2E40 /* NSManagedObjectModel+MagicalRecord.m */ = {isa = PBXFileReference; fileEncoding = 4; lastKnownFileType = sourcecode.c.objc; path = "NSManagedObjectModel+MagicalRecord.m"; sourceTree = "<group>"; };
		2437660419CADAD4007A2E40 /* NSPersistentStore+MagicalRecord.h */ = {isa = PBXFileReference; fileEncoding = 4; lastKnownFileType = sourcecode.c.h; path = "NSPersistentStore+MagicalRecord.h"; sourceTree = "<group>"; };
		2437660519CADAD4007A2E40 /* NSPersistentStore+MagicalRecord.m */ = {isa = PBXFileReference; fileEncoding = 4; lastKnownFileType = sourcecode.c.objc; path = "NSPersistentStore+MagicalRecord.m"; sourceTree = "<group>"; };
		2437660619CADAD4007A2E40 /* NSPersistentStoreCoordinator+MagicalRecord.h */ = {isa = PBXFileReference; fileEncoding = 4; lastKnownFileType = sourcecode.c.h; path = "NSPersistentStoreCoordinator+MagicalRecord.h"; sourceTree = "<group>"; };
		2437660719CADAD4007A2E40 /* NSPersistentStoreCoordinator+MagicalRecord.m */ = {isa = PBXFileReference; fileEncoding = 4; lastKnownFileType = sourcecode.c.objc; path = "NSPersistentStoreCoordinator+MagicalRecord.m"; sourceTree = "<group>"; };
		2437660919CADAD4007A2E40 /* MagicalRecord+Actions.h */ = {isa = PBXFileReference; fileEncoding = 4; lastKnownFileType = sourcecode.c.h; path = "MagicalRecord+Actions.h"; sourceTree = "<group>"; };
		2437660A19CADAD4007A2E40 /* MagicalRecord+Actions.m */ = {isa = PBXFileReference; fileEncoding = 4; lastKnownFileType = sourcecode.c.objc; path = "MagicalRecord+Actions.m"; sourceTree = "<group>"; };
		2437660B19CADAD4007A2E40 /* MagicalRecord+ErrorHandling.h */ = {isa = PBXFileReference; fileEncoding = 4; lastKnownFileType = sourcecode.c.h; path = "MagicalRecord+ErrorHandling.h"; sourceTree = "<group>"; };
		2437660C19CADAD4007A2E40 /* MagicalRecord+ErrorHandling.m */ = {isa = PBXFileReference; fileEncoding = 4; lastKnownFileType = sourcecode.c.objc; path = "MagicalRecord+ErrorHandling.m"; sourceTree = "<group>"; };
		2437660D19CADAD4007A2E40 /* MagicalRecord+iCloud.h */ = {isa = PBXFileReference; fileEncoding = 4; lastKnownFileType = sourcecode.c.h; path = "MagicalRecord+iCloud.h"; sourceTree = "<group>"; };
		2437660E19CADAD4007A2E40 /* MagicalRecord+iCloud.m */ = {isa = PBXFileReference; fileEncoding = 4; lastKnownFileType = sourcecode.c.objc; path = "MagicalRecord+iCloud.m"; sourceTree = "<group>"; };
		2437660F19CADAD4007A2E40 /* MagicalRecord+Options.h */ = {isa = PBXFileReference; fileEncoding = 4; lastKnownFileType = sourcecode.c.h; path = "MagicalRecord+Options.h"; sourceTree = "<group>"; };
		2437661019CADAD4007A2E40 /* MagicalRecord+Options.m */ = {isa = PBXFileReference; fileEncoding = 4; lastKnownFileType = sourcecode.c.objc; path = "MagicalRecord+Options.m"; sourceTree = "<group>"; };
		2437661119CADAD4007A2E40 /* MagicalRecord+Setup.h */ = {isa = PBXFileReference; fileEncoding = 4; lastKnownFileType = sourcecode.c.h; path = "MagicalRecord+Setup.h"; sourceTree = "<group>"; };
		2437661219CADAD4007A2E40 /* MagicalRecord+Setup.m */ = {isa = PBXFileReference; fileEncoding = 4; lastKnownFileType = sourcecode.c.objc; path = "MagicalRecord+Setup.m"; sourceTree = "<group>"; };
		2437661319CADAD4007A2E40 /* MagicalRecord+ShorthandSupport.h */ = {isa = PBXFileReference; fileEncoding = 4; lastKnownFileType = sourcecode.c.h; path = "MagicalRecord+ShorthandSupport.h"; sourceTree = "<group>"; };
		2437661419CADAD4007A2E40 /* MagicalRecord+ShorthandSupport.m */ = {isa = PBXFileReference; fileEncoding = 4; lastKnownFileType = sourcecode.c.objc; path = "MagicalRecord+ShorthandSupport.m"; sourceTree = "<group>"; };
		2437661519CADAD4007A2E40 /* MagicalRecord.h */ = {isa = PBXFileReference; fileEncoding = 4; lastKnownFileType = sourcecode.c.h; path = MagicalRecord.h; sourceTree = "<group>"; };
		2437661619CADAD4007A2E40 /* MagicalRecord.m */ = {isa = PBXFileReference; fileEncoding = 4; lastKnownFileType = sourcecode.c.objc; path = MagicalRecord.m; sourceTree = "<group>"; };
		2437661719CADAD4007A2E40 /* MagicalRecordDeprecated.h */ = {isa = PBXFileReference; fileEncoding = 4; lastKnownFileType = sourcecode.c.h; path = MagicalRecordDeprecated.h; sourceTree = "<group>"; };
		2437661819CADAD4007A2E40 /* MagicalRecordLogging.h */ = {isa = PBXFileReference; fileEncoding = 4; lastKnownFileType = sourcecode.c.h; path = MagicalRecordLogging.h; sourceTree = "<group>"; };
		2437661919CADAD4007A2E40 /* MagicalRecordShorthand.h */ = {isa = PBXFileReference; fileEncoding = 4; lastKnownFileType = sourcecode.c.h; path = MagicalRecordShorthand.h; sourceTree = "<group>"; };
		2437661A19CADAD4007A2E40 /* CoreData+MagicalRecord.h */ = {isa = PBXFileReference; fileEncoding = 4; lastKnownFileType = sourcecode.c.h; path = "CoreData+MagicalRecord.h"; sourceTree = "<group>"; };
		2437663619CAE0C4007A2E40 /* ZenKeyboard.h */ = {isa = PBXFileReference; fileEncoding = 4; lastKnownFileType = sourcecode.c.h; path = ZenKeyboard.h; sourceTree = "<group>"; };
		2437663719CAE0C4007A2E40 /* ZenKeyboard.m */ = {isa = PBXFileReference; fileEncoding = 4; lastKnownFileType = sourcecode.c.objc; path = ZenKeyboard.m; sourceTree = "<group>"; };
/* End PBXFileReference section */

/* Begin PBXFrameworksBuildPhase section */
		24047EBF19CAA8E400521269 /* Frameworks */ = {
			isa = PBXFrameworksBuildPhase;
			buildActionMask = 2147483647;
			files = (
			);
			runOnlyForDeploymentPostprocessing = 0;
		};
		24047ED819CAA8E500521269 /* Frameworks */ = {
			isa = PBXFrameworksBuildPhase;
			buildActionMask = 2147483647;
			files = (
			);
			runOnlyForDeploymentPostprocessing = 0;
		};
/* End PBXFrameworksBuildPhase section */

/* Begin PBXGroup section */
		24047EB919CAA8E400521269 = {
			isa = PBXGroup;
			children = (
				2437658319CACEA2007A2E40 /* 3 part libs */,
				2437655119CAAAF6007A2E40 /* Settings */,
				2437655219CAAB06007A2E40 /* Analytic */,
				2437655319CAAB18007A2E40 /* Input */,
				2437655419CAAB23007A2E40 /* Help */,
				24047EC419CAA8E400521269 /* Diet */,
				24047EDE19CAA8E500521269 /* DietTests */,
				24047EC319CAA8E400521269 /* Products */,
			);
			sourceTree = "<group>";
		};
		24047EC319CAA8E400521269 /* Products */ = {
			isa = PBXGroup;
			children = (
				24047EC219CAA8E400521269 /* Diet.app */,
				24047EDB19CAA8E500521269 /* DietTests.xctest */,
			);
			name = Products;
			sourceTree = "<group>";
		};
		24047EC419CAA8E400521269 /* Diet */ = {
			isa = PBXGroup;
			children = (
				24047EC919CAA8E500521269 /* AppDelegate.h */,
				24047ECA19CAA8E500521269 /* AppDelegate.m */,
				243765DC19CAD7AF007A2E40 /* PrefixHeader.pch */,
				24047ED219CAA8E500521269 /* Main.storyboard */,
				24047ED519CAA8E500521269 /* Images.xcassets */,
				24047ECC19CAA8E500521269 /* Diet.xcdatamodeld */,
				241EE90C19D08EEB00769E7C /* PointsHistory.h */,
				241EE90D19D08EEB00769E7C /* PointsHistory.m */,
				241EE90919D08EEA00769E7C /* Diet.h */,
				241EE90A19D08EEA00769E7C /* Diet.m */,
				241EE90619D08EEA00769E7C /* WeightHistory.h */,
				241EE90719D08EEA00769E7C /* WeightHistory.m */,
				24047EC519CAA8E400521269 /* Supporting Files */,
			);
			path = Diet;
			sourceTree = "<group>";
		};
		24047EC519CAA8E400521269 /* Supporting Files */ = {
			isa = PBXGroup;
			children = (
				24047EC619CAA8E500521269 /* Info.plist */,
				24047EC719CAA8E500521269 /* main.m */,
			);
			name = "Supporting Files";
			sourceTree = "<group>";
		};
		24047EDE19CAA8E500521269 /* DietTests */ = {
			isa = PBXGroup;
			children = (
				24047EE119CAA8E500521269 /* DietTests.m */,
				24047EDF19CAA8E500521269 /* Supporting Files */,
			);
			path = DietTests;
			sourceTree = "<group>";
		};
		24047EDF19CAA8E500521269 /* Supporting Files */ = {
			isa = PBXGroup;
			children = (
				24047EE019CAA8E500521269 /* Info.plist */,
			);
			name = "Supporting Files";
			sourceTree = "<group>";
		};
		2437655119CAAAF6007A2E40 /* Settings */ = {
			isa = PBXGroup;
			children = (
				2437654519CAAA91007A2E40 /* SettingsViewController.h */,
				2437654619CAAA91007A2E40 /* SettingsViewController.m */,
			);
			name = Settings;
			sourceTree = "<group>";
		};
		2437655219CAAB06007A2E40 /* Analytic */ = {
			isa = PBXGroup;
			children = (
				2437654819CAAAA5007A2E40 /* AnalyticViewController.h */,
				2437654919CAAAA5007A2E40 /* AnalyticViewController.m */,
			);
			name = Analytic;
			sourceTree = "<group>";
		};
		2437655319CAAB18007A2E40 /* Input */ = {
			isa = PBXGroup;
			children = (
				2437654B19CAAAB3007A2E40 /* InputViewController.h */,
				2437654C19CAAAB3007A2E40 /* InputViewController.m */,
				2437655819CAAB95007A2E40 /* FoodTableView.h */,
				2437655919CAAB95007A2E40 /* FoodTableView.m */,
			);
			name = Input;
			sourceTree = "<group>";
		};
		2437655419CAAB23007A2E40 /* Help */ = {
			isa = PBXGroup;
			children = (
				2437654E19CAAAEA007A2E40 /* HelpViewController.h */,
				2437654F19CAAAEA007A2E40 /* HelpViewController.m */,
			);
			name = Help;
			sourceTree = "<group>";
		};
		2437655E19CACAF7007A2E40 /* PNChart */ = {
			isa = PBXGroup;
			children = (
				2437655F19CACAF7007A2E40 /* PNBar.h */,
				2437656019CACAF7007A2E40 /* PNBar.m */,
				2437656119CACAF7007A2E40 /* PNBarChart.h */,
				2437656219CACAF7007A2E40 /* PNBarChart.m */,
				2437656319CACAF7007A2E40 /* PNChart.h */,
				2437656419CACAF7007A2E40 /* PNChartDelegate.h */,
				2437656519CACAF7007A2E40 /* PNChartLabel.h */,
				2437656619CACAF7007A2E40 /* PNChartLabel.m */,
				2437656719CACAF7007A2E40 /* PNCircleChart.h */,
				2437656819CACAF7007A2E40 /* PNCircleChart.m */,
				2437656919CACAF7007A2E40 /* PNColor.h */,
				2437656A19CACAF7007A2E40 /* PNColor.m */,
				2437656B19CACAF7007A2E40 /* PNLineChart.h */,
				2437656C19CACAF7007A2E40 /* PNLineChart.m */,
				2437656D19CACAF7007A2E40 /* PNLineChartData.h */,
				2437656E19CACAF7007A2E40 /* PNLineChartData.m */,
				2437656F19CACAF7007A2E40 /* PNLineChartDataItem.h */,
				2437657019CACAF7007A2E40 /* PNLineChartDataItem.m */,
				2437657119CACAF7007A2E40 /* PNPieChart.h */,
				2437657219CACAF7007A2E40 /* PNPieChart.m */,
				2437657319CACAF7007A2E40 /* PNPieChartDataItem.h */,
				2437657419CACAF7007A2E40 /* PNPieChartDataItem.m */,
			);
			path = PNChart;
			sourceTree = "<group>";
		};
		2437658219CACE8A007A2E40 /* UICountingLabel */ = {
			isa = PBXGroup;
			children = (
				2437657F19CACE86007A2E40 /* UICountingLabel.h */,
				2437658019CACE86007A2E40 /* UICountingLabel.m */,
			);
			name = UICountingLabel;
			sourceTree = "<group>";
		};
		2437658319CACEA2007A2E40 /* 3 part libs */ = {
			isa = PBXGroup;
			children = (
				2437663519CAE0C4007A2E40 /* ZenKeyboard */,
				243765DD19CADAD4007A2E40 /* MagicalRecord */,
				2437658219CACE8A007A2E40 /* UICountingLabel */,
				2437655E19CACAF7007A2E40 /* PNChart */,
			);
			name = "3 part libs";
			sourceTree = "<group>";
		};
		243765DD19CADAD4007A2E40 /* MagicalRecord */ = {
			isa = PBXGroup;
			children = (
				243765DE19CADAD4007A2E40 /* Categories */,
				2437660819CADAD4007A2E40 /* Core */,
				2437661A19CADAD4007A2E40 /* CoreData+MagicalRecord.h */,
			);
			path = MagicalRecord;
			sourceTree = "<group>";
		};
		243765DE19CADAD4007A2E40 /* Categories */ = {
			isa = PBXGroup;
			children = (
				243765DF19CADAD4007A2E40 /* DataImport */,
				243765EE19CADAD4007A2E40 /* NSManagedObject */,
				243765F919CADAD4007A2E40 /* NSManagedObjectContext */,
				2437660219CADAD4007A2E40 /* NSManagedObjectModel+MagicalRecord.h */,
				2437660319CADAD4007A2E40 /* NSManagedObjectModel+MagicalRecord.m */,
				2437660419CADAD4007A2E40 /* NSPersistentStore+MagicalRecord.h */,
				2437660519CADAD4007A2E40 /* NSPersistentStore+MagicalRecord.m */,
				2437660619CADAD4007A2E40 /* NSPersistentStoreCoordinator+MagicalRecord.h */,
				2437660719CADAD4007A2E40 /* NSPersistentStoreCoordinator+MagicalRecord.m */,
			);
			path = Categories;
			sourceTree = "<group>";
		};
		243765DF19CADAD4007A2E40 /* DataImport */ = {
			isa = PBXGroup;
			children = (
				243765E019CADAD4007A2E40 /* MagicalImportFunctions.h */,
				243765E119CADAD4007A2E40 /* MagicalImportFunctions.m */,
				243765E219CADAD4007A2E40 /* NSAttributeDescription+MagicalDataImport.h */,
				243765E319CADAD4007A2E40 /* NSAttributeDescription+MagicalDataImport.m */,
				243765E419CADAD4007A2E40 /* NSEntityDescription+MagicalDataImport.h */,
				243765E519CADAD4007A2E40 /* NSEntityDescription+MagicalDataImport.m */,
				243765E619CADAD4007A2E40 /* NSNumber+MagicalDataImport.h */,
				243765E719CADAD4007A2E40 /* NSNumber+MagicalDataImport.m */,
				243765E819CADAD4007A2E40 /* NSObject+MagicalDataImport.h */,
				243765E919CADAD4007A2E40 /* NSObject+MagicalDataImport.m */,
				243765EA19CADAD4007A2E40 /* NSRelationshipDescription+MagicalDataImport.h */,
				243765EB19CADAD4007A2E40 /* NSRelationshipDescription+MagicalDataImport.m */,
				243765EC19CADAD4007A2E40 /* NSString+MagicalDataImport.h */,
				243765ED19CADAD4007A2E40 /* NSString+MagicalDataImport.m */,
			);
			path = DataImport;
			sourceTree = "<group>";
		};
		243765EE19CADAD4007A2E40 /* NSManagedObject */ = {
			isa = PBXGroup;
			children = (
				243765EF19CADAD4007A2E40 /* NSManagedObject+MagicalAggregation.h */,
				243765F019CADAD4007A2E40 /* NSManagedObject+MagicalAggregation.m */,
				243765F119CADAD4007A2E40 /* NSManagedObject+MagicalDataImport.h */,
				243765F219CADAD4007A2E40 /* NSManagedObject+MagicalDataImport.m */,
				243765F319CADAD4007A2E40 /* NSManagedObject+MagicalFinders.h */,
				243765F419CADAD4007A2E40 /* NSManagedObject+MagicalFinders.m */,
				243765F519CADAD4007A2E40 /* NSManagedObject+MagicalRecord.h */,
				243765F619CADAD4007A2E40 /* NSManagedObject+MagicalRecord.m */,
				243765F719CADAD4007A2E40 /* NSManagedObject+MagicalRequests.h */,
				243765F819CADAD4007A2E40 /* NSManagedObject+MagicalRequests.m */,
			);
			path = NSManagedObject;
			sourceTree = "<group>";
		};
		243765F919CADAD4007A2E40 /* NSManagedObjectContext */ = {
			isa = PBXGroup;
			children = (
				243765FA19CADAD4007A2E40 /* NSManagedObjectContext+MagicalObserving.h */,
				243765FB19CADAD4007A2E40 /* NSManagedObjectContext+MagicalObserving.m */,
				243765FC19CADAD4007A2E40 /* NSManagedObjectContext+MagicalRecord.h */,
				243765FD19CADAD4007A2E40 /* NSManagedObjectContext+MagicalRecord.m */,
				243765FE19CADAD4007A2E40 /* NSManagedObjectContext+MagicalSaves.h */,
				243765FF19CADAD4007A2E40 /* NSManagedObjectContext+MagicalSaves.m */,
				2437660019CADAD4007A2E40 /* NSManagedObjectContext+MagicalThreading.h */,
				2437660119CADAD4007A2E40 /* NSManagedObjectContext+MagicalThreading.m */,
			);
			path = NSManagedObjectContext;
			sourceTree = "<group>";
		};
		2437660819CADAD4007A2E40 /* Core */ = {
			isa = PBXGroup;
			children = (
				2437660919CADAD4007A2E40 /* MagicalRecord+Actions.h */,
				2437660A19CADAD4007A2E40 /* MagicalRecord+Actions.m */,
				2437660B19CADAD4007A2E40 /* MagicalRecord+ErrorHandling.h */,
				2437660C19CADAD4007A2E40 /* MagicalRecord+ErrorHandling.m */,
				2437660D19CADAD4007A2E40 /* MagicalRecord+iCloud.h */,
				2437660E19CADAD4007A2E40 /* MagicalRecord+iCloud.m */,
				2437660F19CADAD4007A2E40 /* MagicalRecord+Options.h */,
				2437661019CADAD4007A2E40 /* MagicalRecord+Options.m */,
				2437661119CADAD4007A2E40 /* MagicalRecord+Setup.h */,
				2437661219CADAD4007A2E40 /* MagicalRecord+Setup.m */,
				2437661319CADAD4007A2E40 /* MagicalRecord+ShorthandSupport.h */,
				2437661419CADAD4007A2E40 /* MagicalRecord+ShorthandSupport.m */,
				2437661519CADAD4007A2E40 /* MagicalRecord.h */,
				2437661619CADAD4007A2E40 /* MagicalRecord.m */,
				2437661719CADAD4007A2E40 /* MagicalRecordDeprecated.h */,
				2437661819CADAD4007A2E40 /* MagicalRecordLogging.h */,
				2437661919CADAD4007A2E40 /* MagicalRecordShorthand.h */,
			);
			path = Core;
			sourceTree = "<group>";
		};
		2437663519CAE0C4007A2E40 /* ZenKeyboard */ = {
			isa = PBXGroup;
			children = (
				2437663619CAE0C4007A2E40 /* ZenKeyboard.h */,
				2437663719CAE0C4007A2E40 /* ZenKeyboard.m */,
			);
			path = ZenKeyboard;
			sourceTree = "<group>";
		};
/* End PBXGroup section */

/* Begin PBXNativeTarget section */
		24047EC119CAA8E400521269 /* Diet */ = {
			isa = PBXNativeTarget;
			buildConfigurationList = 24047EE519CAA8E500521269 /* Build configuration list for PBXNativeTarget "Diet" */;
			buildPhases = (
				24047EBE19CAA8E400521269 /* Sources */,
				24047EBF19CAA8E400521269 /* Frameworks */,
				24047EC019CAA8E400521269 /* Resources */,
			);
			buildRules = (
			);
			dependencies = (
			);
			name = Diet;
			productName = Diet;
			productReference = 24047EC219CAA8E400521269 /* Diet.app */;
			productType = "com.apple.product-type.application";
		};
		24047EDA19CAA8E500521269 /* DietTests */ = {
			isa = PBXNativeTarget;
			buildConfigurationList = 24047EE819CAA8E500521269 /* Build configuration list for PBXNativeTarget "DietTests" */;
			buildPhases = (
				24047ED719CAA8E500521269 /* Sources */,
				24047ED819CAA8E500521269 /* Frameworks */,
				24047ED919CAA8E500521269 /* Resources */,
			);
			buildRules = (
			);
			dependencies = (
				24047EDD19CAA8E500521269 /* PBXTargetDependency */,
			);
			name = DietTests;
			productName = DietTests;
			productReference = 24047EDB19CAA8E500521269 /* DietTests.xctest */;
			productType = "com.apple.product-type.bundle.unit-test";
		};
/* End PBXNativeTarget section */

/* Begin PBXProject section */
		24047EBA19CAA8E400521269 /* Project object */ = {
			isa = PBXProject;
			attributes = {
				LastUpgradeCheck = 0600;
				ORGANIZATIONNAME = Crocodev;
				TargetAttributes = {
					24047EC119CAA8E400521269 = {
						CreatedOnToolsVersion = 6.0;
					};
					24047EDA19CAA8E500521269 = {
						CreatedOnToolsVersion = 6.0;
						TestTargetID = 24047EC119CAA8E400521269;
					};
				};
			};
			buildConfigurationList = 24047EBD19CAA8E400521269 /* Build configuration list for PBXProject "Diet" */;
			compatibilityVersion = "Xcode 3.2";
			developmentRegion = English;
			hasScannedForEncodings = 0;
			knownRegions = (
				en,
				Base,
			);
			mainGroup = 24047EB919CAA8E400521269;
			productRefGroup = 24047EC319CAA8E400521269 /* Products */;
			projectDirPath = "";
			projectRoot = "";
			targets = (
				24047EC119CAA8E400521269 /* Diet */,
				24047EDA19CAA8E500521269 /* DietTests */,
			);
		};
/* End PBXProject section */

/* Begin PBXResourcesBuildPhase section */
		24047EC019CAA8E400521269 /* Resources */ = {
			isa = PBXResourcesBuildPhase;
			buildActionMask = 2147483647;
			files = (
				24047ED419CAA8E500521269 /* Main.storyboard in Resources */,
				24047ED619CAA8E500521269 /* Images.xcassets in Resources */,
			);
			runOnlyForDeploymentPostprocessing = 0;
		};
		24047ED919CAA8E500521269 /* Resources */ = {
			isa = PBXResourcesBuildPhase;
			buildActionMask = 2147483647;
			files = (
			);
			runOnlyForDeploymentPostprocessing = 0;
		};
/* End PBXResourcesBuildPhase section */

/* Begin PBXSourcesBuildPhase section */
		24047EBE19CAA8E400521269 /* Sources */ = {
			isa = PBXSourcesBuildPhase;
			buildActionMask = 2147483647;
			files = (
				24047ECB19CAA8E500521269 /* AppDelegate.m in Sources */,
				2437663419CADAD4007A2E40 /* MagicalRecord.m in Sources */,
				2437662D19CADAD4007A2E40 /* NSPersistentStoreCoordinator+MagicalRecord.m in Sources */,
				2437662219CADAD4007A2E40 /* NSManagedObject+MagicalAggregation.m in Sources */,
				2437662B19CADAD4007A2E40 /* NSManagedObjectModel+MagicalRecord.m in Sources */,
				2437662619CADAD4007A2E40 /* NSManagedObject+MagicalRequests.m in Sources */,
				2437662919CADAD4007A2E40 /* NSManagedObjectContext+MagicalSaves.m in Sources */,
				2437662319CADAD4007A2E40 /* NSManagedObject+MagicalDataImport.m in Sources */,
				2437654D19CAAAB3007A2E40 /* InputViewController.m in Sources */,
				2437663819CAE0C4007A2E40 /* ZenKeyboard.m in Sources */,
				2437662C19CADAD4007A2E40 /* NSPersistentStore+MagicalRecord.m in Sources */,
				24047ECE19CAA8E500521269 /* Diet.xcdatamodeld in Sources */,
				24047EC819CAA8E500521269 /* main.m in Sources */,
				2437662119CADAD4007A2E40 /* NSString+MagicalDataImport.m in Sources */,
				2437657A19CACAF7007A2E40 /* PNLineChart.m in Sources */,
				2437657519CACAF7007A2E40 /* PNBar.m in Sources */,
				2437657C19CACAF7007A2E40 /* PNLineChartDataItem.m in Sources */,
				2437655019CAAAEA007A2E40 /* HelpViewController.m in Sources */,
				2437657D19CACAF7007A2E40 /* PNPieChart.m in Sources */,
				2437657919CACAF7007A2E40 /* PNColor.m in Sources */,
				241EE90819D08EEA00769E7C /* WeightHistory.m in Sources */,
				2437663019CADAD4007A2E40 /* MagicalRecord+iCloud.m in Sources */,
				2437662E19CADAD4007A2E40 /* MagicalRecord+Actions.m in Sources */,
				2437661B19CADAD4007A2E40 /* MagicalImportFunctions.m in Sources */,
				2437662F19CADAD4007A2E40 /* MagicalRecord+ErrorHandling.m in Sources */,
				2437662A19CADAD4007A2E40 /* NSManagedObjectContext+MagicalThreading.m in Sources */,
				2437657619CACAF7007A2E40 /* PNBarChart.m in Sources */,
				2437663119CADAD4007A2E40 /* MagicalRecord+Options.m in Sources */,
				2437654A19CAAAA5007A2E40 /* AnalyticViewController.m in Sources */,
				2437657819CACAF7007A2E40 /* PNCircleChart.m in Sources */,
				2437662519CADAD4007A2E40 /* NSManagedObject+MagicalRecord.m in Sources */,
				2437663219CADAD4007A2E40 /* MagicalRecord+Setup.m in Sources */,
				2437657719CACAF7007A2E40 /* PNChartLabel.m in Sources */,
				2437662819CADAD4007A2E40 /* NSManagedObjectContext+MagicalRecord.m in Sources */,
				2437661C19CADAD4007A2E40 /* NSAttributeDescription+MagicalDataImport.m in Sources */,
				2437654719CAAA91007A2E40 /* SettingsViewController.m in Sources */,
				241EE90E19D08EEB00769E7C /* PointsHistory.m in Sources */,
				2437662719CADAD4007A2E40 /* NSManagedObjectContext+MagicalObserving.m in Sources */,
				2437657B19CACAF7007A2E40 /* PNLineChartData.m in Sources */,
				2437661F19CADAD4007A2E40 /* NSObject+MagicalDataImport.m in Sources */,
				2437658119CACE86007A2E40 /* UICountingLabel.m in Sources */,
				2437655A19CAAB95007A2E40 /* FoodTableView.m in Sources */,
				2437661D19CADAD4007A2E40 /* NSEntityDescription+MagicalDataImport.m in Sources */,
				241EE90B19D08EEA00769E7C /* Diet.m in Sources */,
				2437662019CADAD4007A2E40 /* NSRelationshipDescription+MagicalDataImport.m in Sources */,
				2437657E19CACAF7007A2E40 /* PNPieChartDataItem.m in Sources */,
				2437662419CADAD4007A2E40 /* NSManagedObject+MagicalFinders.m in Sources */,
				2437661E19CADAD4007A2E40 /* NSNumber+MagicalDataImport.m in Sources */,
				2437663319CADAD4007A2E40 /* MagicalRecord+ShorthandSupport.m in Sources */,
			);
			runOnlyForDeploymentPostprocessing = 0;
		};
		24047ED719CAA8E500521269 /* Sources */ = {
			isa = PBXSourcesBuildPhase;
			buildActionMask = 2147483647;
			files = (
				24047EE219CAA8E500521269 /* DietTests.m in Sources */,
			);
			runOnlyForDeploymentPostprocessing = 0;
		};
/* End PBXSourcesBuildPhase section */

/* Begin PBXTargetDependency section */
		24047EDD19CAA8E500521269 /* PBXTargetDependency */ = {
			isa = PBXTargetDependency;
			target = 24047EC119CAA8E400521269 /* Diet */;
			targetProxy = 24047EDC19CAA8E500521269 /* PBXContainerItemProxy */;
		};
/* End PBXTargetDependency section */

/* Begin PBXVariantGroup section */
		24047ED219CAA8E500521269 /* Main.storyboard */ = {
			isa = PBXVariantGroup;
			children = (
				24047ED319CAA8E500521269 /* Base */,
			);
			name = Main.storyboard;
			sourceTree = "<group>";
		};
/* End PBXVariantGroup section */

/* Begin XCBuildConfiguration section */
		24047EE319CAA8E500521269 /* Debug */ = {
			isa = XCBuildConfiguration;
			buildSettings = {
				ALWAYS_SEARCH_USER_PATHS = NO;
				CLANG_CXX_LANGUAGE_STANDARD = "gnu++0x";
				CLANG_CXX_LIBRARY = "libc++";
				CLANG_ENABLE_MODULES = YES;
				CLANG_ENABLE_OBJC_ARC = YES;
				CLANG_WARN_BOOL_CONVERSION = YES;
				CLANG_WARN_CONSTANT_CONVERSION = YES;
				CLANG_WARN_DIRECT_OBJC_ISA_USAGE = YES_ERROR;
				CLANG_WARN_EMPTY_BODY = YES;
				CLANG_WARN_ENUM_CONVERSION = YES;
				CLANG_WARN_INT_CONVERSION = YES;
				CLANG_WARN_OBJC_ROOT_CLASS = YES_ERROR;
				CLANG_WARN_UNREACHABLE_CODE = YES;
				CLANG_WARN__DUPLICATE_METHOD_MATCH = YES;
				"CODE_SIGN_IDENTITY[sdk=iphoneos*]" = "iPhone Developer";
				COPY_PHASE_STRIP = NO;
				ENABLE_STRICT_OBJC_MSGSEND = YES;
				GCC_C_LANGUAGE_STANDARD = gnu99;
				GCC_DYNAMIC_NO_PIC = NO;
				GCC_OPTIMIZATION_LEVEL = 0;
				GCC_PREPROCESSOR_DEFINITIONS = (
					"DEBUG=1",
					"$(inherited)",
				);
				GCC_SYMBOLS_PRIVATE_EXTERN = NO;
				GCC_WARN_64_TO_32_BIT_CONVERSION = YES;
				GCC_WARN_ABOUT_RETURN_TYPE = YES_ERROR;
				GCC_WARN_UNDECLARED_SELECTOR = YES;
				GCC_WARN_UNINITIALIZED_AUTOS = YES_AGGRESSIVE;
				GCC_WARN_UNUSED_FUNCTION = YES;
				GCC_WARN_UNUSED_VARIABLE = YES;
				IPHONEOS_DEPLOYMENT_TARGET = 8.0;
				MTL_ENABLE_DEBUG_INFO = YES;
				ONLY_ACTIVE_ARCH = YES;
				SDKROOT = iphoneos;
			};
			name = Debug;
		};
		24047EE419CAA8E500521269 /* Release */ = {
			isa = XCBuildConfiguration;
			buildSettings = {
				ALWAYS_SEARCH_USER_PATHS = NO;
				CLANG_CXX_LANGUAGE_STANDARD = "gnu++0x";
				CLANG_CXX_LIBRARY = "libc++";
				CLANG_ENABLE_MODULES = YES;
				CLANG_ENABLE_OBJC_ARC = YES;
				CLANG_WARN_BOOL_CONVERSION = YES;
				CLANG_WARN_CONSTANT_CONVERSION = YES;
				CLANG_WARN_DIRECT_OBJC_ISA_USAGE = YES_ERROR;
				CLANG_WARN_EMPTY_BODY = YES;
				CLANG_WARN_ENUM_CONVERSION = YES;
				CLANG_WARN_INT_CONVERSION = YES;
				CLANG_WARN_OBJC_ROOT_CLASS = YES_ERROR;
				CLANG_WARN_UNREACHABLE_CODE = YES;
				CLANG_WARN__DUPLICATE_METHOD_MATCH = YES;
				"CODE_SIGN_IDENTITY[sdk=iphoneos*]" = "iPhone Developer";
				COPY_PHASE_STRIP = YES;
				ENABLE_NS_ASSERTIONS = NO;
				ENABLE_STRICT_OBJC_MSGSEND = YES;
				GCC_C_LANGUAGE_STANDARD = gnu99;
				GCC_WARN_64_TO_32_BIT_CONVERSION = YES;
				GCC_WARN_ABOUT_RETURN_TYPE = YES_ERROR;
				GCC_WARN_UNDECLARED_SELECTOR = YES;
				GCC_WARN_UNINITIALIZED_AUTOS = YES_AGGRESSIVE;
				GCC_WARN_UNUSED_FUNCTION = YES;
				GCC_WARN_UNUSED_VARIABLE = YES;
				IPHONEOS_DEPLOYMENT_TARGET = 8.0;
				MTL_ENABLE_DEBUG_INFO = NO;
				SDKROOT = iphoneos;
				VALIDATE_PRODUCT = YES;
			};
			name = Release;
		};
		24047EE619CAA8E500521269 /* Debug */ = {
			isa = XCBuildConfiguration;
			buildSettings = {
				ASSETCATALOG_COMPILER_APPICON_NAME = AppIcon;
				ASSETCATALOG_COMPILER_LAUNCHIMAGE_NAME = LaunchImage;
				GCC_INCREASE_PRECOMPILED_HEADER_SHARING = YES;
				GCC_PRECOMPILE_PREFIX_HEADER = YES;
				GCC_PREFIX_HEADER = Diet/PrefixHeader.pch;
				INFOPLIST_FILE = Diet/Info.plist;
				LD_RUNPATH_SEARCH_PATHS = "$(inherited) @executable_path/Frameworks";
				PRODUCT_NAME = "$(TARGET_NAME)";
			};
			name = Debug;
		};
		24047EE719CAA8E500521269 /* Release */ = {
			isa = XCBuildConfiguration;
			buildSettings = {
				ASSETCATALOG_COMPILER_APPICON_NAME = AppIcon;
				ASSETCATALOG_COMPILER_LAUNCHIMAGE_NAME = LaunchImage;
				GCC_INCREASE_PRECOMPILED_HEADER_SHARING = YES;
				GCC_PRECOMPILE_PREFIX_HEADER = YES;
				GCC_PREFIX_HEADER = Diet/PrefixHeader.pch;
				INFOPLIST_FILE = Diet/Info.plist;
				LD_RUNPATH_SEARCH_PATHS = "$(inherited) @executable_path/Frameworks";
				PRODUCT_NAME = "$(TARGET_NAME)";
			};
			name = Release;
		};
		24047EE919CAA8E500521269 /* Debug */ = {
			isa = XCBuildConfiguration;
			buildSettings = {
				BUNDLE_LOADER = "$(BUILT_PRODUCTS_DIR)/Diet.app/Diet";
				FRAMEWORK_SEARCH_PATHS = (
					"$(SDKROOT)/Developer/Library/Frameworks",
					"$(inherited)",
				);
				GCC_PREPROCESSOR_DEFINITIONS = (
					"DEBUG=1",
					"$(inherited)",
				);
				INFOPLIST_FILE = DietTests/Info.plist;
				LD_RUNPATH_SEARCH_PATHS = "$(inherited) @executable_path/Frameworks @loader_path/Frameworks";
				PRODUCT_NAME = "$(TARGET_NAME)";
				TEST_HOST = "$(BUNDLE_LOADER)";
			};
			name = Debug;
		};
		24047EEA19CAA8E500521269 /* Release */ = {
			isa = XCBuildConfiguration;
			buildSettings = {
				BUNDLE_LOADER = "$(BUILT_PRODUCTS_DIR)/Diet.app/Diet";
				FRAMEWORK_SEARCH_PATHS = (
					"$(SDKROOT)/Developer/Library/Frameworks",
					"$(inherited)",
				);
				INFOPLIST_FILE = DietTests/Info.plist;
				LD_RUNPATH_SEARCH_PATHS = "$(inherited) @executable_path/Frameworks @loader_path/Frameworks";
				PRODUCT_NAME = "$(TARGET_NAME)";
				TEST_HOST = "$(BUNDLE_LOADER)";
			};
			name = Release;
		};
/* End XCBuildConfiguration section */

/* Begin XCConfigurationList section */
		24047EBD19CAA8E400521269 /* Build configuration list for PBXProject "Diet" */ = {
			isa = XCConfigurationList;
			buildConfigurations = (
				24047EE319CAA8E500521269 /* Debug */,
				24047EE419CAA8E500521269 /* Release */,
			);
			defaultConfigurationIsVisible = 0;
			defaultConfigurationName = Release;
		};
		24047EE519CAA8E500521269 /* Build configuration list for PBXNativeTarget "Diet" */ = {
			isa = XCConfigurationList;
			buildConfigurations = (
				24047EE619CAA8E500521269 /* Debug */,
				24047EE719CAA8E500521269 /* Release */,
			);
			defaultConfigurationIsVisible = 0;
			defaultConfigurationName = Release;
		};
		24047EE819CAA8E500521269 /* Build configuration list for PBXNativeTarget "DietTests" */ = {
			isa = XCConfigurationList;
			buildConfigurations = (
				24047EE919CAA8E500521269 /* Debug */,
				24047EEA19CAA8E500521269 /* Release */,
			);
			defaultConfigurationIsVisible = 0;
			defaultConfigurationName = Release;
		};
/* End XCConfigurationList section */

/* Begin XCVersionGroup section */
		24047ECC19CAA8E500521269 /* Diet.xcdatamodeld */ = {
			isa = XCVersionGroup;
			children = (
				24047ECD19CAA8E500521269 /* Diet.xcdatamodel */,
			);
			currentVersion = 24047ECD19CAA8E500521269 /* Diet.xcdatamodel */;
			path = Diet.xcdatamodeld;
			sourceTree = "<group>";
			versionGroupType = wrapper.xcdatamodel;
		};
/* End XCVersionGroup section */
	};
	rootObject = 24047EBA19CAA8E400521269 /* Project object */;
}
